# THIS IS AN AUTOGENERATED FILE. DO NOT EDIT THIS FILE DIRECTLY.
# yarn lockfile v1


"@expo/vector-icons@^10.2.1":
  version "10.2.1"
  resolved "https://registry.yarnpkg.com/@expo/vector-icons/-/vector-icons-10.2.1.tgz#47fb2fa12d7ad601835babde6bd3ddea7f6fde89"
  integrity sha512-clYQZFLeU2y23n03hXg18EEsZS5c73sJJnfderztfSAqkUXkfUtv07fwuprYwbHIvgFkw6L7R6xJOCVYtS85iQ==
  dependencies:
    lodash "^4.17.4"

lodash@^4.17.4:
  version "4.17.20"
  resolved "https://registry.yarnpkg.com/lodash/-/lodash-4.17.20.tgz#b44a9b6297bcb698f1c51a3545a2b3b368d59c52"
  integrity sha512-PlhdFcillOINfeV7Ni6oF1TAEayyZBoZ8bcshTHqOYJYlrqzRK5hagpagky5o4HfCzzd1TRkXPMFq6cKk9rGmA==
